// !$*UTF8*$!
{
	archiveVersion = 1;
	classes = {
	};
	objectVersion = 51;
	objects = {

/* Begin PBXBuildFile section */
		766C950A393A2D3E19E6BAE1 /* Pods_TrabajoFinal.framework in Frameworks */ = {isa = PBXBuildFile; fileRef = 7A42D1F9346CEED85DD72392 /* Pods_TrabajoFinal.framework */; };
		FB2B661923149AB4003F86D6 /* GoogleService-Info.plist in Resources */ = {isa = PBXBuildFile; fileRef = FB2B661823149AB4003F86D6 /* GoogleService-Info.plist */; };
		FB2B661B23149E25003F86D6 /* AlertHelper.swift in Sources */ = {isa = PBXBuildFile; fileRef = FB2B661A23149E25003F86D6 /* AlertHelper.swift */; };
		FB2B661D2314A47A003F86D6 /* CrearUsuarioViewController.swift in Sources */ = {isa = PBXBuildFile; fileRef = FB2B661C2314A47A003F86D6 /* CrearUsuarioViewController.swift */; };
		FB8D917E231491DA0041CE73 /* AppDelegate.swift in Sources */ = {isa = PBXBuildFile; fileRef = FB8D917D231491DA0041CE73 /* AppDelegate.swift */; };
		FB8D9180231491DA0041CE73 /* ViewController.swift in Sources */ = {isa = PBXBuildFile; fileRef = FB8D917F231491DA0041CE73 /* ViewController.swift */; };
		FB8D9183231491DA0041CE73 /* Main.storyboard in Resources */ = {isa = PBXBuildFile; fileRef = FB8D9181231491DA0041CE73 /* Main.storyboard */; };
		FB8D9186231491DA0041CE73 /* TrabajoFinal.xcdatamodeld in Sources */ = {isa = PBXBuildFile; fileRef = FB8D9184231491DA0041CE73 /* TrabajoFinal.xcdatamodeld */; };
		FB8D9188231491DD0041CE73 /* Assets.xcassets in Resources */ = {isa = PBXBuildFile; fileRef = FB8D9187231491DD0041CE73 /* Assets.xcassets */; };
		FB8D918B231491DD0041CE73 /* LaunchScreen.storyboard in Resources */ = {isa = PBXBuildFile; fileRef = FB8D9189231491DD0041CE73 /* LaunchScreen.storyboard */; };
		FB8D9193231494AF0041CE73 /* LoginViewController.swift in Sources */ = {isa = PBXBuildFile; fileRef = FB8D9192231494AF0041CE73 /* LoginViewController.swift */; };
/* End PBXBuildFile section */

/* Begin PBXFileReference section */
		118D8043AFF9CF84E133D06D /* Pods-TrabajoFinal.release.xcconfig */ = {isa = PBXFileReference; includeInIndex = 1; lastKnownFileType = text.xcconfig; name = "Pods-TrabajoFinal.release.xcconfig"; path = "Target Support Files/Pods-TrabajoFinal/Pods-TrabajoFinal.release.xcconfig"; sourceTree = "<group>"; };
		7A42D1F9346CEED85DD72392 /* Pods_TrabajoFinal.framework */ = {isa = PBXFileReference; explicitFileType = wrapper.framework; includeInIndex = 0; path = Pods_TrabajoFinal.framework; sourceTree = BUILT_PRODUCTS_DIR; };
		AEEF7D467334C5E78134A253 /* Pods-TrabajoFinal.debug.xcconfig */ = {isa = PBXFileReference; includeInIndex = 1; lastKnownFileType = text.xcconfig; name = "Pods-TrabajoFinal.debug.xcconfig"; path = "Target Support Files/Pods-TrabajoFinal/Pods-TrabajoFinal.debug.xcconfig"; sourceTree = "<group>"; };
		FB2B661823149AB4003F86D6 /* GoogleService-Info.plist */ = {isa = PBXFileReference; fileEncoding = 4; lastKnownFileType = text.plist.xml; path = "GoogleService-Info.plist"; sourceTree = "<group>"; };
		FB2B661A23149E25003F86D6 /* AlertHelper.swift */ = {isa = PBXFileReference; lastKnownFileType = sourcecode.swift; path = AlertHelper.swift; sourceTree = "<group>"; };
		FB2B661C2314A47A003F86D6 /* CrearUsuarioViewController.swift */ = {isa = PBXFileReference; lastKnownFileType = sourcecode.swift; path = CrearUsuarioViewController.swift; sourceTree = "<group>"; };
		FB8D917A231491DA0041CE73 /* TrabajoFinal.app */ = {isa = PBXFileReference; explicitFileType = wrapper.application; includeInIndex = 0; path = TrabajoFinal.app; sourceTree = BUILT_PRODUCTS_DIR; };
		FB8D917D231491DA0041CE73 /* AppDelegate.swift */ = {isa = PBXFileReference; lastKnownFileType = sourcecode.swift; path = AppDelegate.swift; sourceTree = "<group>"; };
		FB8D917F231491DA0041CE73 /* ViewController.swift */ = {isa = PBXFileReference; lastKnownFileType = sourcecode.swift; path = ViewController.swift; sourceTree = "<group>"; };
		FB8D9182231491DA0041CE73 /* Base */ = {isa = PBXFileReference; lastKnownFileType = file.storyboard; name = Base; path = Base.lproj/Main.storyboard; sourceTree = "<group>"; };
		FB8D9185231491DA0041CE73 /* TrabajoFinal.xcdatamodel */ = {isa = PBXFileReference; lastKnownFileType = wrapper.xcdatamodel; path = TrabajoFinal.xcdatamodel; sourceTree = "<group>"; };
		FB8D9187231491DD0041CE73 /* Assets.xcassets */ = {isa = PBXFileReference; lastKnownFileType = folder.assetcatalog; path = Assets.xcassets; sourceTree = "<group>"; };
		FB8D918A231491DD0041CE73 /* Base */ = {isa = PBXFileReference; lastKnownFileType = file.storyboard; name = Base; path = Base.lproj/LaunchScreen.storyboard; sourceTree = "<group>"; };
		FB8D918C231491DD0041CE73 /* Info.plist */ = {isa = PBXFileReference; lastKnownFileType = text.plist.xml; path = Info.plist; sourceTree = "<group>"; };
		FB8D9192231494AF0041CE73 /* LoginViewController.swift */ = {isa = PBXFileReference; lastKnownFileType = sourcecode.swift; path = LoginViewController.swift; sourceTree = "<group>"; };
/* End PBXFileReference section */

/* Begin PBXFrameworksBuildPhase section */
		FB8D9177231491DA0041CE73 /* Frameworks */ = {
			isa = PBXFrameworksBuildPhase;
			buildActionMask = 2147483647;
			files = (
				766C950A393A2D3E19E6BAE1 /* Pods_TrabajoFinal.framework in Frameworks */,
			);
			runOnlyForDeploymentPostprocessing = 0;
		};
/* End PBXFrameworksBuildPhase section */

/* Begin PBXGroup section */
		24F4642D5E907EA370CA308B /* Frameworks */ = {
			isa = PBXGroup;
			children = (
				7A42D1F9346CEED85DD72392 /* Pods_TrabajoFinal.framework */,
			);
			name = Frameworks;
			sourceTree = "<group>";
		};
		9FA2904779100B9AD83C0AF2 /* Pods */ = {
			isa = PBXGroup;
			children = (
				AEEF7D467334C5E78134A253 /* Pods-TrabajoFinal.debug.xcconfig */,
				118D8043AFF9CF84E133D06D /* Pods-TrabajoFinal.release.xcconfig */,
			);
			path = Pods;
			sourceTree = "<group>";
		};
		FB8D9171231491DA0041CE73 = {
			isa = PBXGroup;
			children = (
				FB8D917C231491DA0041CE73 /* TrabajoFinal */,
				FB8D917B231491DA0041CE73 /* Products */,
				9FA2904779100B9AD83C0AF2 /* Pods */,
				24F4642D5E907EA370CA308B /* Frameworks */,
			);
			sourceTree = "<group>";
		};
		FB8D917B231491DA0041CE73 /* Products */ = {
			isa = PBXGroup;
			children = (
				FB8D917A231491DA0041CE73 /* TrabajoFinal.app */,
			);
			name = Products;
			sourceTree = "<group>";
		};
		FB8D917C231491DA0041CE73 /* TrabajoFinal */ = {
			isa = PBXGroup;
			children = (
				FB8D917D231491DA0041CE73 /* AppDelegate.swift */,
				FB8D917F231491DA0041CE73 /* ViewController.swift */,
				FB8D9181231491DA0041CE73 /* Main.storyboard */,
				FB8D9187231491DD0041CE73 /* Assets.xcassets */,
				FB8D9189231491DD0041CE73 /* LaunchScreen.storyboard */,
				FB2B661823149AB4003F86D6 /* GoogleService-Info.plist */,
				FB8D918C231491DD0041CE73 /* Info.plist */,
				FB8D9184231491DA0041CE73 /* TrabajoFinal.xcdatamodeld */,
				FB8D9192231494AF0041CE73 /* LoginViewController.swift */,
				FB2B661A23149E25003F86D6 /* AlertHelper.swift */,
				FB2B661C2314A47A003F86D6 /* CrearUsuarioViewController.swift */,
			);
			path = TrabajoFinal;
			sourceTree = "<group>";
		};
/* End PBXGroup section */

/* Begin PBXNativeTarget section */
		FB8D9179231491DA0041CE73 /* TrabajoFinal */ = {
			isa = PBXNativeTarget;
			buildConfigurationList = FB8D918F231491DD0041CE73 /* Build configuration list for PBXNativeTarget "TrabajoFinal" */;
			buildPhases = (
				4895CB965EB0B40BA110538A /* [CP] Check Pods Manifest.lock */,
				FB8D9176231491DA0041CE73 /* Sources */,
				FB8D9177231491DA0041CE73 /* Frameworks */,
				FB8D9178231491DA0041CE73 /* Resources */,
				20BD2E99D6B11FD38F979483 /* [CP] Embed Pods Frameworks */,
			);
			buildRules = (
			);
			dependencies = (
			);
			name = TrabajoFinal;
			productName = TrabajoFinal;
			productReference = FB8D917A231491DA0041CE73 /* TrabajoFinal.app */;
			productType = "com.apple.product-type.application";
		};
/* End PBXNativeTarget section */

/* Begin PBXProject section */
		FB8D9172231491DA0041CE73 /* Project object */ = {
			isa = PBXProject;
			attributes = {
				LastSwiftUpdateCheck = 1010;
				LastUpgradeCheck = 1010;
				ORGANIZATIONNAME = "Area51 Training Center SAC";
				TargetAttributes = {
					FB8D9179231491DA0041CE73 = {
						CreatedOnToolsVersion = 10.1;
					};
				};
			};
			buildConfigurationList = FB8D9175231491DA0041CE73 /* Build configuration list for PBXProject "TrabajoFinal" */;
			compatibilityVersion = "Xcode 9.3";
			developmentRegion = en;
			hasScannedForEncodings = 0;
			knownRegions = (
				en,
				Base,
			);
			mainGroup = FB8D9171231491DA0041CE73;
			productRefGroup = FB8D917B231491DA0041CE73 /* Products */;
			projectDirPath = "";
			projectRoot = "";
			targets = (
				FB8D9179231491DA0041CE73 /* TrabajoFinal */,
			);
		};
/* End PBXProject section */

/* Begin PBXResourcesBuildPhase section */
		FB8D9178231491DA0041CE73 /* Resources */ = {
			isa = PBXResourcesBuildPhase;
			buildActionMask = 2147483647;
			files = (
				FB8D918B231491DD0041CE73 /* LaunchScreen.storyboard in Resources */,
				FB2B661923149AB4003F86D6 /* GoogleService-Info.plist in Resources */,
				FB8D9188231491DD0041CE73 /* Assets.xcassets in Resources */,
				FB8D9183231491DA0041CE73 /* Main.storyboard in Resources */,
			);
			runOnlyForDeploymentPostprocessing = 0;
		};
/* End PBXResourcesBuildPhase section */

/* Begin PBXShellScriptBuildPhase section */
		20BD2E99D6B11FD38F979483 /* [CP] Embed Pods Frameworks */ = {
			isa = PBXShellScriptBuildPhase;
			buildActionMask = 2147483647;
			files = (
			);
			inputFileListPaths = (
				"${PODS_ROOT}/Target Support Files/Pods-TrabajoFinal/Pods-TrabajoFinal-frameworks-${CONFIGURATION}-input-files.xcfilelist",
			);
			name = "[CP] Embed Pods Frameworks";
			outputFileListPaths = (
				"${PODS_ROOT}/Target Support Files/Pods-TrabajoFinal/Pods-TrabajoFinal-frameworks-${CONFIGURATION}-output-files.xcfilelist",
			);
			runOnlyForDeploymentPostprocessing = 0;
			shellPath = /bin/sh;
			shellScript = "\"${PODS_ROOT}/Target Support Files/Pods-TrabajoFinal/Pods-TrabajoFinal-frameworks.sh\"\n";
			showEnvVarsInLog = 0;
		};
		4895CB965EB0B40BA110538A /* [CP] Check Pods Manifest.lock */ = {
			isa = PBXShellScriptBuildPhase;
			buildActionMask = 2147483647;
			files = (
			);
			inputFileListPaths = (
			);
			inputPaths = (
				"${PODS_PODFILE_DIR_PATH}/Podfile.lock",
				"${PODS_ROOT}/Manifest.lock",
			);
			name = "[CP] Check Pods Manifest.lock";
			outputFileListPaths = (
			);
			outputPaths = (
				"$(DERIVED_FILE_DIR)/Pods-TrabajoFinal-checkManifestLockResult.txt",
			);
			runOnlyForDeploymentPostprocessing = 0;
			shellPath = /bin/sh;
			shellScript = "diff \"${PODS_PODFILE_DIR_PATH}/Podfile.lock\" \"${PODS_ROOT}/Manifest.lock\" > /dev/null\nif [ $? != 0 ] ; then\n    # print error to STDERR\n    echo \"error: The sandbox is not in sync with the Podfile.lock. Run 'pod install' or update your CocoaPods installation.\" >&2\n    exit 1\nfi\n# This output is used by Xcode 'outputs' to avoid re-running this script phase.\necho \"SUCCESS\" > \"${SCRIPT_OUTPUT_FILE_0}\"\n";
			showEnvVarsInLog = 0;
		};
/* End PBXShellScriptBuildPhase section */

/* Begin PBXSourcesBuildPhase section */
		FB8D9176231491DA0041CE73 /* Sources */ = {
			isa = PBXSourcesBuildPhase;
			buildActionMask = 2147483647;
			files = (
				FB2B661D2314A47A003F86D6 /* CrearUsuarioViewController.swift in Sources */,
				FB8D9193231494AF0041CE73 /* LoginViewController.swift in Sources */,
				FB8D9186231491DA0041CE73 /* TrabajoFinal.xcdatamodeld in Sources */,
				FB8D9180231491DA0041CE73 /* ViewController.swift in Sources */,
				FB2B661B23149E25003F86D6 /* AlertHelper.swift in Sources */,
				FB8D917E231491DA0041CE73 /* AppDelegate.swift in Sources */,
			);
			runOnlyForDeploymentPostprocessing = 0;
		};
/* End PBXSourcesBuildPhase section */

/* Begin PBXVariantGroup section */
		FB8D9181231491DA0041CE73 /* Main.storyboard */ = {
			isa = PBXVariantGroup;
			children = (
				FB8D9182231491DA0041CE73 /* Base */,
			);
			name = Main.storyboard;
			sourceTree = "<group>";
		};
		FB8D9189231491DD0041CE73 /* LaunchScreen.storyboard */ = {
			isa = PBXVariantGroup;
			children = (
				FB8D918A231491DD0041CE73 /* Base */,
			);
			name = LaunchScreen.storyboard;
			sourceTree = "<group>";
		};
/* End PBXVariantGroup section */

/* Begin XCBuildConfiguration section */
		FB8D918D231491DD0041CE73 /* Debug */ = {
			isa = XCBuildConfiguration;
			buildSettings = {
				ALWAYS_SEARCH_USER_PATHS = NO;
				CLANG_ANALYZER_NONNULL = YES;
				CLANG_ANALYZER_NUMBER_OBJECT_CONVERSION = YES_AGGRESSIVE;
				CLANG_CXX_LANGUAGE_STANDARD = "gnu++14";
				CLANG_CXX_LIBRARY = "libc++";
				CLANG_ENABLE_MODULES = YES;
				CLANG_ENABLE_OBJC_ARC = YES;
				CLANG_ENABLE_OBJC_WEAK = YES;
				CLANG_WARN_BLOCK_CAPTURE_AUTORELEASING = YES;
				CLANG_WARN_BOOL_CONVERSION = YES;
				CLANG_WARN_COMMA = YES;
				CLANG_WARN_CONSTANT_CONVERSION = YES;
				CLANG_WARN_DEPRECATED_OBJC_IMPLEMENTATIONS = YES;
				CLANG_WARN_DIRECT_OBJC_ISA_USAGE = YES_ERROR;
				CLANG_WARN_DOCUMENTATION_COMMENTS = YES;
				CLANG_WARN_EMPTY_BODY = YES;
				CLANG_WARN_ENUM_CONVERSION = YES;
				CLANG_WARN_INFINITE_RECURSION = YES;
				CLANG_WARN_INT_CONVERSION = YES;
				CLANG_WARN_NON_LITERAL_NULL_CONVERSION = YES;
				CLANG_WARN_OBJC_IMPLICIT_RETAIN_SELF = YES;
				CLANG_WARN_OBJC_LITERAL_CONVERSION = YES;
				CLANG_WARN_OBJC_ROOT_CLASS = YES_ERROR;
				CLANG_WARN_RANGE_LOOP_ANALYSIS = YES;
				CLANG_WARN_STRICT_PROTOTYPES = YES;
				CLANG_WARN_SUSPICIOUS_MOVE = YES;
				CLANG_WARN_UNGUARDED_AVAILABILITY = YES_AGGRESSIVE;
				CLANG_WARN_UNREACHABLE_CODE = YES;
				CLANG_WARN__DUPLICATE_METHOD_MATCH = YES;
				CODE_SIGN_IDENTITY = "iPhone Developer";
				COPY_PHASE_STRIP = NO;
				DEBUG_INFORMATION_FORMAT = dwarf;
				ENABLE_STRICT_OBJC_MSGSEND = YES;
				ENABLE_TESTABILITY = YES;
				GCC_C_LANGUAGE_STANDARD = gnu11;
				GCC_DYNAMIC_NO_PIC = NO;
				GCC_NO_COMMON_BLOCKS = YES;
				GCC_OPTIMIZATION_LEVEL = 0;
				GCC_PREPROCESSOR_DEFINITIONS = (
					"DEBUG=1",
					"$(inherited)",
				);
				GCC_WARN_64_TO_32_BIT_CONVERSION = YES;
				GCC_WARN_ABOUT_RETURN_TYPE = YES_ERROR;
				GCC_WARN_UNDECLARED_SELECTOR = YES;
				GCC_WARN_UNINITIALIZED_AUTOS = YES_AGGRESSIVE;
				GCC_WARN_UNUSED_FUNCTION = YES;
				GCC_WARN_UNUSED_VARIABLE = YES;
				IPHONEOS_DEPLOYMENT_TARGET = 12.1;
				MTL_ENABLE_DEBUG_INFO = INCLUDE_SOURCE;
				MTL_FAST_MATH = YES;
				ONLY_ACTIVE_ARCH = YES;
				SDKROOT = iphoneos;
				SWIFT_ACTIVE_COMPILATION_CONDITIONS = DEBUG;
				SWIFT_OPTIMIZATION_LEVEL = "-Onone";
			};
			name = Debug;
		};
		FB8D918E231491DD0041CE73 /* Release */ = {
			isa = XCBuildConfiguration;
			buildSettings = {
				ALWAYS_SEARCH_USER_PATHS = NO;
				CLANG_ANALYZER_NONNULL = YES;
				CLANG_ANALYZER_NUMBER_OBJECT_CONVERSION = YES_AGGRESSIVE;
				CLANG_CXX_LANGUAGE_STANDARD = "gnu++14";
				CLANG_CXX_LIBRARY = "libc++";
				CLANG_ENABLE_MODULES = YES;
				CLANG_ENABLE_OBJC_ARC = YES;
				CLANG_ENABLE_OBJC_WEAK = YES;
				CLANG_WARN_BLOCK_CAPTURE_AUTORELEASING = YES;
				CLANG_WARN_BOOL_CONVERSION = YES;
				CLANG_WARN_COMMA = YES;
				CLANG_WARN_CONSTANT_CONVERSION = YES;
				CLANG_WARN_DEPRECATED_OBJC_IMPLEMENTATIONS = YES;
				CLANG_WARN_DIRECT_OBJC_ISA_USAGE = YES_ERROR;
				CLANG_WARN_DOCUMENTATION_COMMENTS = YES;
				CLANG_WARN_EMPTY_BODY = YES;
				CLANG_WARN_ENUM_CONVERSION = YES;
				CLANG_WARN_INFINITE_RECURSION = YES;
				CLANG_WARN_INT_CONVERSION = YES;
				CLANG_WARN_NON_LITERAL_NULL_CONVERSION = YES;
				CLANG_WARN_OBJC_IMPLICIT_RETAIN_SELF = YES;
				CLANG_WARN_OBJC_LITERAL_CONVERSION = YES;
				CLANG_WARN_OBJC_ROOT_CLASS = YES_ERROR;
				CLANG_WARN_RANGE_LOOP_ANALYSIS = YES;
				CLANG_WARN_STRICT_PROTOTYPES = YES;
				CLANG_WARN_SUSPICIOUS_MOVE = YES;
				CLANG_WARN_UNGUARDED_AVAILABILITY = YES_AGGRESSIVE;
				CLANG_WARN_UNREACHABLE_CODE = YES;
				CLANG_WARN__DUPLICATE_METHOD_MATCH = YES;
				CODE_SIGN_IDENTITY = "iPhone Developer";
				COPY_PHASE_STRIP = NO;
				DEBUG_INFORMATION_FORMAT = "dwarf-with-dsym";
				ENABLE_NS_ASSERTIONS = NO;
				ENABLE_STRICT_OBJC_MSGSEND = YES;
				GCC_C_LANGUAGE_STANDARD = gnu11;
				GCC_NO_COMMON_BLOCKS = YES;
				GCC_WARN_64_TO_32_BIT_CONVERSION = YES;
				GCC_WARN_ABOUT_RETURN_TYPE = YES_ERROR;
				GCC_WARN_UNDECLARED_SELECTOR = YES;
				GCC_WARN_UNINITIALIZED_AUTOS = YES_AGGRESSIVE;
				GCC_WARN_UNUSED_FUNCTION = YES;
				GCC_WARN_UNUSED_VARIABLE = YES;
				IPHONEOS_DEPLOYMENT_TARGET = 12.1;
				MTL_ENABLE_DEBUG_INFO = NO;
				MTL_FAST_MATH = YES;
				SDKROOT = iphoneos;
				SWIFT_COMPILATION_MODE = wholemodule;
				SWIFT_OPTIMIZATION_LEVEL = "-O";
				VALIDATE_PRODUCT = YES;
			};
			name = Release;
		};
		FB8D9190231491DD0041CE73 /* Debug */ = {
			isa = XCBuildConfiguration;
			baseConfigurationReference = AEEF7D467334C5E78134A253 /* Pods-TrabajoFinal.debug.xcconfig */;
			buildSettings = {
				ASSETCATALOG_COMPILER_APPICON_NAME = AppIcon;
				CODE_SIGN_STYLE = Automatic;
				DEVELOPMENT_TEAM = XJY6K7P63P;
				INFOPLIST_FILE = TrabajoFinal/Info.plist;
				LD_RUNPATH_SEARCH_PATHS = (
					"$(inherited)",
					"@executable_path/Frameworks",
				);
				PRODUCT_BUNDLE_IDENTIFIER = pe.area51.TrabajoFinal;
				PRODUCT_NAME = "$(TARGET_NAME)";
				SWIFT_VERSION = 4.2;
				TARGETED_DEVICE_FAMILY = "1,2";
			};
			name = Debug;
		};
		FB8D9191231491DD0041CE73 /* Release */ = {
			isa = XCBuildConfiguration;
			baseConfigurationReference = 118D8043AFF9CF84E133D06D /* Pods-TrabajoFinal.release.xcconfig */;
			buildSettings = {
				ASSETCATALOG_COMPILER_APPICON_NAME = AppIcon;
				CODE_SIGN_STYLE = Automatic;
				DEVELOPMENT_TEAM = XJY6K7P63P;
				INFOPLIST_FILE = TrabajoFinal/Info.plist;
				LD_RUNPATH_SEARCH_PATHS = (
					"$(inherited)",
					"@executable_path/Frameworks",
				);
				PRODUCT_BUNDLE_IDENTIFIER = pe.area51.TrabajoFinal;
				PRODUCT_NAME = "$(TARGET_NAME)";
				SWIFT_VERSION = 4.2;
				TARGETED_DEVICE_FAMILY = "1,2";
			};
			name = Release;
		};
/* End XCBuildConfiguration section */

/* Begin XCConfigurationList section */
		FB8D9175231491DA0041CE73 /* Build configuration list for PBXProject "TrabajoFinal" */ = {
			isa = XCConfigurationList;
			buildConfigurations = (
				FB8D918D231491DD0041CE73 /* Debug */,
				FB8D918E231491DD0041CE73 /* Release */,
			);
			defaultConfigurationIsVisible = 0;
			defaultConfigurationName = Release;
		};
		FB8D918F231491DD0041CE73 /* Build configuration list for PBXNativeTarget "TrabajoFinal" */ = {
			isa = XCConfigurationList;
			buildConfigurations = (
				FB8D9190231491DD0041CE73 /* Debug */,
				FB8D9191231491DD0041CE73 /* Release */,
			);
			defaultConfigurationIsVisible = 0;
			defaultConfigurationName = Release;
		};
/* End XCConfigurationList section */

/* Begin XCVersionGroup section */
		FB8D9184231491DA0041CE73 /* TrabajoFinal.xcdatamodeld */ = {
			isa = XCVersionGroup;
			children = (
				FB8D9185231491DA0041CE73 /* TrabajoFinal.xcdatamodel */,
			);
			currentVersion = FB8D9185231491DA0041CE73 /* TrabajoFinal.xcdatamodel */;
			path = TrabajoFinal.xcdatamodeld;
			sourceTree = "<group>";
			versionGroupType = wrapper.xcdatamodel;
		};
/* End XCVersionGroup section */
	};
	rootObject = FB8D9172231491DA0041CE73 /* Project object */;
}
